
Microsoft Visual Studio Solution File, Format Version 12.00
# Visual Studio 14
VisualStudioVersion = 14.0.25123.0
MinimumVisualStudioVersion = 10.0.40219.1
Project("{FAE04EC0-301F-11D3-BF4B-00C04F79EFBC}") = "QuoteLoad", "QuoteLoad\QuoteLoad.csproj", "{2667CCA1-A58D-48FD-9102-20413931A619}"
EndProject
Project("{FAE04EC0-301F-11D3-BF4B-00C04F79EFBC}") = "Tests", "Tests\Tests.csproj", "{59E4FF38-3C60-4FCD-AFF4-52682691BBE5}"
EndProject
Project("{D954291E-2A0B-460D-934E-DC6B0785DB48}") = "Common", "..\Common\Common\Common.shproj", "{163D0AD6-E5AB-454F-AD60-6DF931954239}"
EndProject
Global
	GlobalSection(SharedMSBuildProjectFiles) = preSolution
		..\Common\Common\Common.projitems*{163d0ad6-e5ab-454f-ad60-6df931954239}*SharedItemsImports = 13
		..\Common\Common\Common.projitems*{2667cca1-a58d-48fd-9102-20413931a619}*SharedItemsImports = 4
	EndGlobalSection
	GlobalSection(SolutionConfigurationPlatforms) = preSolution
		Debug|Any CPU = Debug|Any CPU
		Release|Any CPU = Release|Any CPU
	EndGlobalSection
	GlobalSection(ProjectConfigurationPlatforms) = postSolution
		{2667CCA1-A58D-48FD-9102-20413931A619}.Debug|Any CPU.ActiveCfg = Debug|Any CPU
		{2667CCA1-A58D-48FD-9102-20413931A619}.Debug|Any CPU.Build.0 = Debug|Any CPU
		{2667CCA1-A58D-48FD-9102-20413931A619}.Release|Any CPU.ActiveCfg = Release|Any CPU
		{2667CCA1-A58D-48FD-9102-20413931A619}.Release|Any CPU.Build.0 = Release|Any CPU
		{59E4FF38-3C60-4FCD-AFF4-52682691BBE5}.Debug|Any CPU.ActiveCfg = Debug|Any CPU
		{59E4FF38-3C60-4FCD-AFF4-52682691BBE5}.Debug|Any CPU.Build.0 = Debug|Any CPU
		{59E4FF38-3C60-4FCD-AFF4-52682691BBE5}.Release|Any CPU.ActiveCfg = Release|Any CPU
		{59E4FF38-3C60-4FCD-AFF4-52682691BBE5}.Release|Any CPU.Build.0 = Release|Any CPU
	EndGlobalSection
	GlobalSection(SolutionProperties) = preSolution
		HideSolutionNode = FALSE
	EndGlobalSection
EndGlobal
